
Microsoft Visual Studio Solution File, Format Version 12.00
# Visual Studio Version 16
VisualStudioVersion = 16.0.29728.190
MinimumVisualStudioVersion = 10.0.40219.1
Project("{FAE04EC0-301F-11D3-BF4B-00C04F79EFBC}") = "OrbitalMechanicsForUnity", "OrbitalMechanicsForUnity\OrbitalMechanicsForUnity.csproj", "{77988580-BF00-4F0F-B1AE-42F93C816919}"
EndProject
Global
	GlobalSection(SolutionConfigurationPlatforms) = preSolution
		Debug|Any CPU = Debug|Any CPU
		Release|Any CPU = Release|Any CPU
	EndGlobalSection
	GlobalSection(ProjectConfigurationPlatforms) = postSolution
		{77988580-BF00-4F0F-B1AE-42F93C816919}.Debug|Any CPU.ActiveCfg = Debug|Any CPU
		{77988580-BF00-4F0F-B1AE-42F93C816919}.Debug|Any CPU.Build.0 = Debug|Any CPU
		{77988580-BF00-4F0F-B1AE-42F93C816919}.Release|Any CPU.ActiveCfg = Release|Any CPU
		{77988580-BF00-4F0F-B1AE-42F93C816919}.Release|Any CPU.Build.0 = Release|Any CPU
	EndGlobalSection
	GlobalSection(SolutionProperties) = preSolution
		HideSolutionNode = FALSE
	EndGlobalSection
	GlobalSection(ExtensibilityGlobals) = postSolution
		SolutionGuid = {1C08AB0E-5D84-4889-AAED-7909DEF91CFE}
	EndGlobalSection
EndGlobal
